// !$*UTF8*$!
{
	archiveVersion = 1;
	classes = {
	};
	objectVersion = 56;
	objects = {

/* Begin PBXBuildFile section */
		455997682B0E73B000730596 /* HitError.swift in Sources */ = {isa = PBXBuildFile; fileRef = 455997672B0E73B000730596 /* HitError.swift */; };
		455997712B0EA4DC00730596 /* ImageLoader.swift in Sources */ = {isa = PBXBuildFile; fileRef = 455997702B0EA4DC00730596 /* ImageLoader.swift */; };
		455997782B0F36DA00730596 /* HitImageContentView.swift in Sources */ = {isa = PBXBuildFile; fileRef = 455997772B0F36DA00730596 /* HitImageContentView.swift */; };
		4577DDD12B0CFB6400F7A485 /* AppDelegate.swift in Sources */ = {isa = PBXBuildFile; fileRef = 4577DDD02B0CFB6400F7A485 /* AppDelegate.swift */; };
		4577DDD32B0CFB6400F7A485 /* SceneDelegate.swift in Sources */ = {isa = PBXBuildFile; fileRef = 4577DDD22B0CFB6400F7A485 /* SceneDelegate.swift */; };
		4577DDD82B0CFB6400F7A485 /* Main.storyboard in Resources */ = {isa = PBXBuildFile; fileRef = 4577DDD62B0CFB6400F7A485 /* Main.storyboard */; };
		4577DDDA2B0CFB6500F7A485 /* Assets.xcassets in Resources */ = {isa = PBXBuildFile; fileRef = 4577DDD92B0CFB6500F7A485 /* Assets.xcassets */; };
		4577DDDD2B0CFB6500F7A485 /* LaunchScreen.storyboard in Resources */ = {isa = PBXBuildFile; fileRef = 4577DDDB2B0CFB6500F7A485 /* LaunchScreen.storyboard */; };
		4577DDF42B0D04ED00F7A485 /* ImagesTests.swift in Sources */ = {isa = PBXBuildFile; fileRef = 4577DDF32B0D04ED00F7A485 /* ImagesTests.swift */; };
		4577DDFB2B0D050200F7A485 /* TestData.swift in Sources */ = {isa = PBXBuildFile; fileRef = 4577DDFA2B0D050200F7A485 /* TestData.swift */; };
		4577DDFD2B0D07A300F7A485 /* PixabayJSON.swift in Sources */ = {isa = PBXBuildFile; fileRef = 4577DDFC2B0D07A300F7A485 /* PixabayJSON.swift */; };
		4577DE0B2B0E04E600F7A485 /* ImageGridViewController.swift in Sources */ = {isa = PBXBuildFile; fileRef = 4577DE0A2B0E04E600F7A485 /* ImageGridViewController.swift */; };
		4577DE0D2B0E055B00F7A485 /* ImagesViewController.swift in Sources */ = {isa = PBXBuildFile; fileRef = 4577DE0C2B0E055B00F7A485 /* ImagesViewController.swift */; };
		4577DE0F2B0E079600F7A485 /* ImageGridViewController+DataSource.swift in Sources */ = {isa = PBXBuildFile; fileRef = 4577DE0E2B0E079600F7A485 /* ImageGridViewController+DataSource.swift */; };
		4577DE112B0E0B1B00F7A485 /* HitImage.swift in Sources */ = {isa = PBXBuildFile; fileRef = 4577DE102B0E0B1B00F7A485 /* HitImage.swift */; };
/* End PBXBuildFile section */

/* Begin PBXContainerItemProxy section */
		4577DDF52B0D04ED00F7A485 /* PBXContainerItemProxy */ = {
			isa = PBXContainerItemProxy;
			containerPortal = 4577DDC52B0CFB6400F7A485 /* Project object */;
			proxyType = 1;
			remoteGlobalIDString = 4577DDCC2B0CFB6400F7A485;
			remoteInfo = Images;
		};
/* End PBXContainerItemProxy section */

/* Begin PBXFileReference section */
		455997672B0E73B000730596 /* HitError.swift */ = {isa = PBXFileReference; lastKnownFileType = sourcecode.swift; path = HitError.swift; sourceTree = "<group>"; };
		455997702B0EA4DC00730596 /* ImageLoader.swift */ = {isa = PBXFileReference; lastKnownFileType = sourcecode.swift; path = ImageLoader.swift; sourceTree = "<group>"; };
		455997772B0F36DA00730596 /* HitImageContentView.swift */ = {isa = PBXFileReference; lastKnownFileType = sourcecode.swift; path = HitImageContentView.swift; sourceTree = "<group>"; };
		4577DDCD2B0CFB6400F7A485 /* Images.app */ = {isa = PBXFileReference; explicitFileType = wrapper.application; includeInIndex = 0; path = Images.app; sourceTree = BUILT_PRODUCTS_DIR; };
		4577DDD02B0CFB6400F7A485 /* AppDelegate.swift */ = {isa = PBXFileReference; lastKnownFileType = sourcecode.swift; path = AppDelegate.swift; sourceTree = "<group>"; };
		4577DDD22B0CFB6400F7A485 /* SceneDelegate.swift */ = {isa = PBXFileReference; lastKnownFileType = sourcecode.swift; path = SceneDelegate.swift; sourceTree = "<group>"; };
		4577DDD72B0CFB6400F7A485 /* Base */ = {isa = PBXFileReference; lastKnownFileType = file.storyboard; name = Base; path = Base.lproj/Main.storyboard; sourceTree = "<group>"; };
		4577DDD92B0CFB6500F7A485 /* Assets.xcassets */ = {isa = PBXFileReference; lastKnownFileType = folder.assetcatalog; path = Assets.xcassets; sourceTree = "<group>"; };
		4577DDDC2B0CFB6500F7A485 /* Base */ = {isa = PBXFileReference; lastKnownFileType = file.storyboard; name = Base; path = Base.lproj/LaunchScreen.storyboard; sourceTree = "<group>"; };
		4577DDDE2B0CFB6500F7A485 /* Info.plist */ = {isa = PBXFileReference; lastKnownFileType = text.plist.xml; path = Info.plist; sourceTree = "<group>"; };
		4577DDF12B0D04ED00F7A485 /* ImagesTests.xctest */ = {isa = PBXFileReference; explicitFileType = wrapper.cfbundle; includeInIndex = 0; path = ImagesTests.xctest; sourceTree = BUILT_PRODUCTS_DIR; };
		4577DDF32B0D04ED00F7A485 /* ImagesTests.swift */ = {isa = PBXFileReference; lastKnownFileType = sourcecode.swift; path = ImagesTests.swift; sourceTree = "<group>"; };
		4577DDFA2B0D050200F7A485 /* TestData.swift */ = {isa = PBXFileReference; lastKnownFileType = sourcecode.swift; path = TestData.swift; sourceTree = "<group>"; };
		4577DDFC2B0D07A300F7A485 /* PixabayJSON.swift */ = {isa = PBXFileReference; lastKnownFileType = sourcecode.swift; path = PixabayJSON.swift; sourceTree = "<group>"; };
		4577DE0A2B0E04E600F7A485 /* ImageGridViewController.swift */ = {isa = PBXFileReference; lastKnownFileType = sourcecode.swift; path = ImageGridViewController.swift; sourceTree = "<group>"; };
		4577DE0C2B0E055B00F7A485 /* ImagesViewController.swift */ = {isa = PBXFileReference; lastKnownFileType = sourcecode.swift; path = ImagesViewController.swift; sourceTree = "<group>"; };
		4577DE0E2B0E079600F7A485 /* ImageGridViewController+DataSource.swift */ = {isa = PBXFileReference; lastKnownFileType = sourcecode.swift; path = "ImageGridViewController+DataSource.swift"; sourceTree = "<group>"; };
		4577DE102B0E0B1B00F7A485 /* HitImage.swift */ = {isa = PBXFileReference; lastKnownFileType = sourcecode.swift; path = HitImage.swift; sourceTree = "<group>"; };
/* End PBXFileReference section */

/* Begin PBXFrameworksBuildPhase section */
		4577DDCA2B0CFB6400F7A485 /* Frameworks */ = {
			isa = PBXFrameworksBuildPhase;
			buildActionMask = 2147483647;
			files = (
			);
			runOnlyForDeploymentPostprocessing = 0;
		};
		4577DDEE2B0D04ED00F7A485 /* Frameworks */ = {
			isa = PBXFrameworksBuildPhase;
			buildActionMask = 2147483647;
			files = (
			);
			runOnlyForDeploymentPostprocessing = 0;
		};
/* End PBXFrameworksBuildPhase section */

/* Begin PBXGroup section */
		455997762B0F36C200730596 /* ContentViews */ = {
			isa = PBXGroup;
			children = (
				455997772B0F36DA00730596 /* HitImageContentView.swift */,
			);
			path = ContentViews;
			sourceTree = "<group>";
		};
		4577DDC42B0CFB6400F7A485 = {
			isa = PBXGroup;
			children = (
				4577DDCF2B0CFB6400F7A485 /* Images */,
				4577DDF22B0D04ED00F7A485 /* ImagesTests */,
				4577DDCE2B0CFB6400F7A485 /* Products */,
			);
			sourceTree = "<group>";
		};
		4577DDCE2B0CFB6400F7A485 /* Products */ = {
			isa = PBXGroup;
			children = (
				4577DDCD2B0CFB6400F7A485 /* Images.app */,
				4577DDF12B0D04ED00F7A485 /* ImagesTests.xctest */,
			);
			name = Products;
			sourceTree = "<group>";
		};
		4577DDCF2B0CFB6400F7A485 /* Images */ = {
			isa = PBXGroup;
			children = (
				4577DDE62B0CFD5C00F7A485 /* Models */,
				4577DDD02B0CFB6400F7A485 /* AppDelegate.swift */,
				4577DDD22B0CFB6400F7A485 /* SceneDelegate.swift */,
				455997762B0F36C200730596 /* ContentViews */,
				4577DE082B0E043C00F7A485 /* GridViewController */,
				4577DE092B0E045200F7A485 /* DetailViewController */,
				4577DDD62B0CFB6400F7A485 /* Main.storyboard */,
				4577DDD92B0CFB6500F7A485 /* Assets.xcassets */,
				4577DDDB2B0CFB6500F7A485 /* LaunchScreen.storyboard */,
				4577DDDE2B0CFB6500F7A485 /* Info.plist */,
			);
			path = Images;
			sourceTree = "<group>";
		};
		4577DDE62B0CFD5C00F7A485 /* Models */ = {
			isa = PBXGroup;
			children = (
				455997672B0E73B000730596 /* HitError.swift */,
				4577DE102B0E0B1B00F7A485 /* HitImage.swift */,
				4577DDFC2B0D07A300F7A485 /* PixabayJSON.swift */,
				455997702B0EA4DC00730596 /* ImageLoader.swift */,
			);
			path = Models;
			sourceTree = "<group>";
		};
		4577DDF22B0D04ED00F7A485 /* ImagesTests */ = {
			isa = PBXGroup;
			children = (
				4577DDFA2B0D050200F7A485 /* TestData.swift */,
				4577DDF32B0D04ED00F7A485 /* ImagesTests.swift */,
			);
			path = ImagesTests;
			sourceTree = "<group>";
		};
		4577DE082B0E043C00F7A485 /* GridViewController */ = {
			isa = PBXGroup;
			children = (
				4577DE0A2B0E04E600F7A485 /* ImageGridViewController.swift */,
				4577DE0E2B0E079600F7A485 /* ImageGridViewController+DataSource.swift */,
			);
			path = GridViewController;
			sourceTree = "<group>";
		};
		4577DE092B0E045200F7A485 /* DetailViewController */ = {
			isa = PBXGroup;
			children = (
				4577DE0C2B0E055B00F7A485 /* ImagesViewController.swift */,
			);
			path = DetailViewController;
			sourceTree = "<group>";
		};
/* End PBXGroup section */

/* Begin PBXNativeTarget section */
		4577DDCC2B0CFB6400F7A485 /* Images */ = {
			isa = PBXNativeTarget;
			buildConfigurationList = 4577DDE12B0CFB6500F7A485 /* Build configuration list for PBXNativeTarget "Images" */;
			buildPhases = (
				4577DDC92B0CFB6400F7A485 /* Sources */,
				4577DDCA2B0CFB6400F7A485 /* Frameworks */,
				4577DDCB2B0CFB6400F7A485 /* Resources */,
			);
			buildRules = (
			);
			dependencies = (
			);
			name = Images;
			productName = Images;
			productReference = 4577DDCD2B0CFB6400F7A485 /* Images.app */;
			productType = "com.apple.product-type.application";
		};
		4577DDF02B0D04ED00F7A485 /* ImagesTests */ = {
			isa = PBXNativeTarget;
			buildConfigurationList = 4577DDF72B0D04ED00F7A485 /* Build configuration list for PBXNativeTarget "ImagesTests" */;
			buildPhases = (
				4577DDED2B0D04ED00F7A485 /* Sources */,
				4577DDEE2B0D04ED00F7A485 /* Frameworks */,
				4577DDEF2B0D04ED00F7A485 /* Resources */,
			);
			buildRules = (
			);
			dependencies = (
				4577DDF62B0D04ED00F7A485 /* PBXTargetDependency */,
			);
			name = ImagesTests;
			productName = ImagesTests;
			productReference = 4577DDF12B0D04ED00F7A485 /* ImagesTests.xctest */;
			productType = "com.apple.product-type.bundle.unit-test";
		};
/* End PBXNativeTarget section */

/* Begin PBXProject section */
		4577DDC52B0CFB6400F7A485 /* Project object */ = {
			isa = PBXProject;
			attributes = {
				BuildIndependentTargetsInParallel = 1;
				LastSwiftUpdateCheck = 1500;
				LastUpgradeCheck = 1500;
				TargetAttributes = {
					4577DDCC2B0CFB6400F7A485 = {
						CreatedOnToolsVersion = 15.0;
					};
					4577DDF02B0D04ED00F7A485 = {
						CreatedOnToolsVersion = 15.0;
						TestTargetID = 4577DDCC2B0CFB6400F7A485;
					};
				};
			};
			buildConfigurationList = 4577DDC82B0CFB6400F7A485 /* Build configuration list for PBXProject "Images" */;
			compatibilityVersion = "Xcode 14.0";
			developmentRegion = en;
			hasScannedForEncodings = 0;
			knownRegions = (
				en,
				Base,
			);
			mainGroup = 4577DDC42B0CFB6400F7A485;
			productRefGroup = 4577DDCE2B0CFB6400F7A485 /* Products */;
			projectDirPath = "";
			projectRoot = "";
			targets = (
				4577DDCC2B0CFB6400F7A485 /* Images */,
				4577DDF02B0D04ED00F7A485 /* ImagesTests */,
			);
		};
/* End PBXProject section */

/* Begin PBXResourcesBuildPhase section */
		4577DDCB2B0CFB6400F7A485 /* Resources */ = {
			isa = PBXResourcesBuildPhase;
			buildActionMask = 2147483647;
			files = (
				4577DDDD2B0CFB6500F7A485 /* LaunchScreen.storyboard in Resources */,
				4577DDDA2B0CFB6500F7A485 /* Assets.xcassets in Resources */,
				4577DDD82B0CFB6400F7A485 /* Main.storyboard in Resources */,
			);
			runOnlyForDeploymentPostprocessing = 0;
		};
		4577DDEF2B0D04ED00F7A485 /* Resources */ = {
			isa = PBXResourcesBuildPhase;
			buildActionMask = 2147483647;
			files = (
			);
			runOnlyForDeploymentPostprocessing = 0;
		};
/* End PBXResourcesBuildPhase section */

/* Begin PBXSourcesBuildPhase section */
		4577DDC92B0CFB6400F7A485 /* Sources */ = {
			isa = PBXSourcesBuildPhase;
			buildActionMask = 2147483647;
			files = (
				4577DE0F2B0E079600F7A485 /* ImageGridViewController+DataSource.swift in Sources */,
				4577DE0D2B0E055B00F7A485 /* ImagesViewController.swift in Sources */,
				4577DE112B0E0B1B00F7A485 /* HitImage.swift in Sources */,
				455997712B0EA4DC00730596 /* ImageLoader.swift in Sources */,
				455997782B0F36DA00730596 /* HitImageContentView.swift in Sources */,
				4577DDD12B0CFB6400F7A485 /* AppDelegate.swift in Sources */,
				455997682B0E73B000730596 /* HitError.swift in Sources */,
				4577DDFD2B0D07A300F7A485 /* PixabayJSON.swift in Sources */,
				4577DE0B2B0E04E600F7A485 /* ImageGridViewController.swift in Sources */,
				4577DDD32B0CFB6400F7A485 /* SceneDelegate.swift in Sources */,
			);
			runOnlyForDeploymentPostprocessing = 0;
		};
		4577DDED2B0D04ED00F7A485 /* Sources */ = {
			isa = PBXSourcesBuildPhase;
			buildActionMask = 2147483647;
			files = (
				4577DDF42B0D04ED00F7A485 /* ImagesTests.swift in Sources */,
				4577DDFB2B0D050200F7A485 /* TestData.swift in Sources */,
			);
			runOnlyForDeploymentPostprocessing = 0;
		};
/* End PBXSourcesBuildPhase section */

/* Begin PBXTargetDependency section */
		4577DDF62B0D04ED00F7A485 /* PBXTargetDependency */ = {
			isa = PBXTargetDependency;
			target = 4577DDCC2B0CFB6400F7A485 /* Images */;
			targetProxy = 4577DDF52B0D04ED00F7A485 /* PBXContainerItemProxy */;
		};
/* End PBXTargetDependency section */

/* Begin PBXVariantGroup section */
		4577DDD62B0CFB6400F7A485 /* Main.storyboard */ = {
			isa = PBXVariantGroup;
			children = (
				4577DDD72B0CFB6400F7A485 /* Base */,
			);
			name = Main.storyboard;
			sourceTree = "<group>";
		};
		4577DDDB2B0CFB6500F7A485 /* LaunchScreen.storyboard */ = {
			isa = PBXVariantGroup;
			children = (
				4577DDDC2B0CFB6500F7A485 /* Base */,
			);
			name = LaunchScreen.storyboard;
			sourceTree = "<group>";
		};
/* End PBXVariantGroup section */

/* Begin XCBuildConfiguration section */
		4577DDDF2B0CFB6500F7A485 /* Debug */ = {
			isa = XCBuildConfiguration;
			buildSettings = {
				ALWAYS_SEARCH_USER_PATHS = NO;
				ASSETCATALOG_COMPILER_GENERATE_SWIFT_ASSET_SYMBOL_EXTENSIONS = YES;
				CLANG_ANALYZER_NONNULL = YES;
				CLANG_ANALYZER_NUMBER_OBJECT_CONVERSION = YES_AGGRESSIVE;
				CLANG_CXX_LANGUAGE_STANDARD = "gnu++20";
				CLANG_ENABLE_MODULES = YES;
				CLANG_ENABLE_OBJC_ARC = YES;
				CLANG_ENABLE_OBJC_WEAK = YES;
				CLANG_WARN_BLOCK_CAPTURE_AUTORELEASING = YES;
				CLANG_WARN_BOOL_CONVERSION = YES;
				CLANG_WARN_COMMA = YES;
				CLANG_WARN_CONSTANT_CONVERSION = YES;
				CLANG_WARN_DEPRECATED_OBJC_IMPLEMENTATIONS = YES;
				CLANG_WARN_DIRECT_OBJC_ISA_USAGE = YES_ERROR;
				CLANG_WARN_DOCUMENTATION_COMMENTS = YES;
				CLANG_WARN_EMPTY_BODY = YES;
				CLANG_WARN_ENUM_CONVERSION = YES;
				CLANG_WARN_INFINITE_RECURSION = YES;
				CLANG_WARN_INT_CONVERSION = YES;
				CLANG_WARN_NON_LITERAL_NULL_CONVERSION = YES;
				CLANG_WARN_OBJC_IMPLICIT_RETAIN_SELF = YES;
				CLANG_WARN_OBJC_LITERAL_CONVERSION = YES;
				CLANG_WARN_OBJC_ROOT_CLASS = YES_ERROR;
				CLANG_WARN_QUOTED_INCLUDE_IN_FRAMEWORK_HEADER = YES;
				CLANG_WARN_RANGE_LOOP_ANALYSIS = YES;
				CLANG_WARN_STRICT_PROTOTYPES = YES;
				CLANG_WARN_SUSPICIOUS_MOVE = YES;
				CLANG_WARN_UNGUARDED_AVAILABILITY = YES_AGGRESSIVE;
				CLANG_WARN_UNREACHABLE_CODE = YES;
				CLANG_WARN__DUPLICATE_METHOD_MATCH = YES;
				COPY_PHASE_STRIP = NO;
				DEBUG_INFORMATION_FORMAT = dwarf;
				ENABLE_STRICT_OBJC_MSGSEND = YES;
				ENABLE_TESTABILITY = YES;
				ENABLE_USER_SCRIPT_SANDBOXING = YES;
				GCC_C_LANGUAGE_STANDARD = gnu17;
				GCC_DYNAMIC_NO_PIC = NO;
				GCC_NO_COMMON_BLOCKS = YES;
				GCC_OPTIMIZATION_LEVEL = 0;
				GCC_PREPROCESSOR_DEFINITIONS = (
					"DEBUG=1",
					"$(inherited)",
				);
				GCC_WARN_64_TO_32_BIT_CONVERSION = YES;
				GCC_WARN_ABOUT_RETURN_TYPE = YES_ERROR;
				GCC_WARN_UNDECLARED_SELECTOR = YES;
				GCC_WARN_UNINITIALIZED_AUTOS = YES_AGGRESSIVE;
				GCC_WARN_UNUSED_FUNCTION = YES;
				GCC_WARN_UNUSED_VARIABLE = YES;
				IPHONEOS_DEPLOYMENT_TARGET = 17.0;
				LOCALIZATION_PREFERS_STRING_CATALOGS = YES;
				MTL_ENABLE_DEBUG_INFO = INCLUDE_SOURCE;
				MTL_FAST_MATH = YES;
				ONLY_ACTIVE_ARCH = YES;
				SDKROOT = iphoneos;
				SWIFT_ACTIVE_COMPILATION_CONDITIONS = "DEBUG $(inherited)";
				SWIFT_OPTIMIZATION_LEVEL = "-Onone";
			};
			name = Debug;
		};
		4577DDE02B0CFB6500F7A485 /* Release */ = {
			isa = XCBuildConfiguration;
			buildSettings = {
				ALWAYS_SEARCH_USER_PATHS = NO;
				ASSETCATALOG_COMPILER_GENERATE_SWIFT_ASSET_SYMBOL_EXTENSIONS = YES;
				CLANG_ANALYZER_NONNULL = YES;
				CLANG_ANALYZER_NUMBER_OBJECT_CONVERSION = YES_AGGRESSIVE;
				CLANG_CXX_LANGUAGE_STANDARD = "gnu++20";
				CLANG_ENABLE_MODULES = YES;
				CLANG_ENABLE_OBJC_ARC = YES;
				CLANG_ENABLE_OBJC_WEAK = YES;
				CLANG_WARN_BLOCK_CAPTURE_AUTORELEASING = YES;
				CLANG_WARN_BOOL_CONVERSION = YES;
				CLANG_WARN_COMMA = YES;
				CLANG_WARN_CONSTANT_CONVERSION = YES;
				CLANG_WARN_DEPRECATED_OBJC_IMPLEMENTATIONS = YES;
				CLANG_WARN_DIRECT_OBJC_ISA_USAGE = YES_ERROR;
				CLANG_WARN_DOCUMENTATION_COMMENTS = YES;
				CLANG_WARN_EMPTY_BODY = YES;
				CLANG_WARN_ENUM_CONVERSION = YES;
				CLANG_WARN_INFINITE_RECURSION = YES;
				CLANG_WARN_INT_CONVERSION = YES;
				CLANG_WARN_NON_LITERAL_NULL_CONVERSION = YES;
				CLANG_WARN_OBJC_IMPLICIT_RETAIN_SELF = YES;
				CLANG_WARN_OBJC_LITERAL_CONVERSION = YES;
				CLANG_WARN_OBJC_ROOT_CLASS = YES_ERROR;
				CLANG_WARN_QUOTED_INCLUDE_IN_FRAMEWORK_HEADER = YES;
				CLANG_WARN_RANGE_LOOP_ANALYSIS = YES;
				CLANG_WARN_STRICT_PROTOTYPES = YES;
				CLANG_WARN_SUSPICIOUS_MOVE = YES;
				CLANG_WARN_UNGUARDED_AVAILABILITY = YES_AGGRESSIVE;
				CLANG_WARN_UNREACHABLE_CODE = YES;
				CLANG_WARN__DUPLICATE_METHOD_MATCH = YES;
				COPY_PHASE_STRIP = NO;
				DEBUG_INFORMATION_FORMAT = "dwarf-with-dsym";
				ENABLE_NS_ASSERTIONS = NO;
				ENABLE_STRICT_OBJC_MSGSEND = YES;
				ENABLE_USER_SCRIPT_SANDBOXING = YES;
				GCC_C_LANGUAGE_STANDARD = gnu17;
				GCC_NO_COMMON_BLOCKS = YES;
				GCC_WARN_64_TO_32_BIT_CONVERSION = YES;
				GCC_WARN_ABOUT_RETURN_TYPE = YES_ERROR;
				GCC_WARN_UNDECLARED_SELECTOR = YES;
				GCC_WARN_UNINITIALIZED_AUTOS = YES_AGGRESSIVE;
				GCC_WARN_UNUSED_FUNCTION = YES;
				GCC_WARN_UNUSED_VARIABLE = YES;
				IPHONEOS_DEPLOYMENT_TARGET = 17.0;
				LOCALIZATION_PREFERS_STRING_CATALOGS = YES;
				MTL_ENABLE_DEBUG_INFO = NO;
				MTL_FAST_MATH = YES;
				SDKROOT = iphoneos;
				SWIFT_COMPILATION_MODE = wholemodule;
				VALIDATE_PRODUCT = YES;
			};
			name = Release;
		};
		4577DDE22B0CFB6500F7A485 /* Debug */ = {
			isa = XCBuildConfiguration;
			buildSettings = {
				ASSETCATALOG_COMPILER_APPICON_NAME = AppIcon;
				ASSETCATALOG_COMPILER_GLOBAL_ACCENT_COLOR_NAME = AccentColor;
				CODE_SIGN_STYLE = Automatic;
				CURRENT_PROJECT_VERSION = 1;
				DEVELOPMENT_TEAM = 555K5N8PV3;
				GENERATE_INFOPLIST_FILE = YES;
				INFOPLIST_FILE = Images/Info.plist;
				INFOPLIST_KEY_UIApplicationSupportsIndirectInputEvents = YES;
				INFOPLIST_KEY_UILaunchStoryboardName = LaunchScreen;
				INFOPLIST_KEY_UIMainStoryboardFile = Main;
				INFOPLIST_KEY_UISupportedInterfaceOrientations = UIInterfaceOrientationPortrait;
				INFOPLIST_KEY_UISupportedInterfaceOrientations_iPad = "UIInterfaceOrientationLandscapeLeft UIInterfaceOrientationLandscapeRight UIInterfaceOrientationPortrait UIInterfaceOrientationPortraitUpsideDown";
				LD_RUNPATH_SEARCH_PATHS = (
					"$(inherited)",
					"@executable_path/Frameworks",
				);
				MARKETING_VERSION = 1.0;
				PRODUCT_BUNDLE_IDENTIFIER = work.jat.Images;
				PRODUCT_NAME = "$(TARGET_NAME)";
				SUPPORTED_PLATFORMS = "iphoneos iphonesimulator";
				SUPPORTS_MACCATALYST = NO;
				SUPPORTS_MAC_DESIGNED_FOR_IPHONE_IPAD = NO;
				SWIFT_EMIT_LOC_STRINGS = YES;
				SWIFT_VERSION = 5.0;
				TARGETED_DEVICE_FAMILY = 1;
			};
			name = Debug;
		};
		4577DDE32B0CFB6500F7A485 /* Release */ = {
			isa = XCBuildConfiguration;
			buildSettings = {
				ASSETCATALOG_COMPILER_APPICON_NAME = AppIcon;
				ASSETCATALOG_COMPILER_GLOBAL_ACCENT_COLOR_NAME = AccentColor;
				CODE_SIGN_STYLE = Automatic;
				CURRENT_PROJECT_VERSION = 1;
				DEVELOPMENT_TEAM = 555K5N8PV3;
				GENERATE_INFOPLIST_FILE = YES;
				INFOPLIST_FILE = Images/Info.plist;
				INFOPLIST_KEY_UIApplicationSupportsIndirectInputEvents = YES;
				INFOPLIST_KEY_UILaunchStoryboardName = LaunchScreen;
				INFOPLIST_KEY_UIMainStoryboardFile = Main;
				INFOPLIST_KEY_UISupportedInterfaceOrientations = UIInterfaceOrientationPortrait;
				INFOPLIST_KEY_UISupportedInterfaceOrientations_iPad = "UIInterfaceOrientationLandscapeLeft UIInterfaceOrientationLandscapeRight UIInterfaceOrientationPortrait UIInterfaceOrientationPortraitUpsideDown";
				LD_RUNPATH_SEARCH_PATHS = (
					"$(inherited)",
					"@executable_path/Frameworks",
				);
				MARKETING_VERSION = 1.0;
				PRODUCT_BUNDLE_IDENTIFIER = work.jat.Images;
				PRODUCT_NAME = "$(TARGET_NAME)";
				SUPPORTED_PLATFORMS = "iphoneos iphonesimulator";
				SUPPORTS_MACCATALYST = NO;
				SUPPORTS_MAC_DESIGNED_FOR_IPHONE_IPAD = NO;
				SWIFT_EMIT_LOC_STRINGS = YES;
				SWIFT_VERSION = 5.0;
				TARGETED_DEVICE_FAMILY = 1;
			};
			name = Release;
		};
		4577DDF82B0D04ED00F7A485 /* Debug */ = {
			isa = XCBuildConfiguration;
			buildSettings = {
				BUNDLE_LOADER = "$(TEST_HOST)";
				CODE_SIGN_STYLE = Automatic;
				CURRENT_PROJECT_VERSION = 1;
				DEVELOPMENT_TEAM = 555K5N8PV3;
				GENERATE_INFOPLIST_FILE = YES;
				MARKETING_VERSION = 1.0;
				PRODUCT_BUNDLE_IDENTIFIER = work.jat.ImagesTests;
				PRODUCT_NAME = "$(TARGET_NAME)";
				SWIFT_EMIT_LOC_STRINGS = NO;
				SWIFT_VERSION = 5.0;
				TARGETED_DEVICE_FAMILY = "1,2";
				TEST_HOST = "$(BUILT_PRODUCTS_DIR)/Images.app/$(BUNDLE_EXECUTABLE_FOLDER_PATH)/Images";
			};
			name = Debug;
		};
		4577DDF92B0D04ED00F7A485 /* Release */ = {
			isa = XCBuildConfiguration;
			buildSettings = {
				BUNDLE_LOADER = "$(TEST_HOST)";
				CODE_SIGN_STYLE = Automatic;
				CURRENT_PROJECT_VERSION = 1;
				DEVELOPMENT_TEAM = 555K5N8PV3;
				GENERATE_INFOPLIST_FILE = YES;
				MARKETING_VERSION = 1.0;
				PRODUCT_BUNDLE_IDENTIFIER = work.jat.ImagesTests;
				PRODUCT_NAME = "$(TARGET_NAME)";
				SWIFT_EMIT_LOC_STRINGS = NO;
				SWIFT_VERSION = 5.0;
				TARGETED_DEVICE_FAMILY = "1,2";
				TEST_HOST = "$(BUILT_PRODUCTS_DIR)/Images.app/$(BUNDLE_EXECUTABLE_FOLDER_PATH)/Images";
			};
			name = Release;
		};
/* End XCBuildConfiguration section */

/* Begin XCConfigurationList section */
		4577DDC82B0CFB6400F7A485 /* Build configuration list for PBXProject "Images" */ = {
			isa = XCConfigurationList;
			buildConfigurations = (
				4577DDDF2B0CFB6500F7A485 /* Debug */,
				4577DDE02B0CFB6500F7A485 /* Release */,
			);
			defaultConfigurationIsVisible = 0;
			defaultConfigurationName = Release;
		};
		4577DDE12B0CFB6500F7A485 /* Build configuration list for PBXNativeTarget "Images" */ = {
			isa = XCConfigurationList;
			buildConfigurations = (
				4577DDE22B0CFB6500F7A485 /* Debug */,
				4577DDE32B0CFB6500F7A485 /* Release */,
			);
			defaultConfigurationIsVisible = 0;
			defaultConfigurationName = Release;
		};
		4577DDF72B0D04ED00F7A485 /* Build configuration list for PBXNativeTarget "ImagesTests" */ = {
			isa = XCConfigurationList;
			buildConfigurations = (
				4577DDF82B0D04ED00F7A485 /* Debug */,
				4577DDF92B0D04ED00F7A485 /* Release */,
			);
			defaultConfigurationIsVisible = 0;
			defaultConfigurationName = Release;
		};
/* End XCConfigurationList section */
	};
	rootObject = 4577DDC52B0CFB6400F7A485 /* Project object */;
}
